[ "exactor": {:git, "git://github.com/sasa1977/exactor.git", "ee207af78849fc277b5d33edfbb493e6f369320a", []},
  "exprintf": {:git, "git://github.com/parroty/exprintf.git", "153697ed99bc2050abbb3b17a1efc413025113f2", []},
  "exvcr": {:git, "git://github.com/parroty/exvcr.git", "1d261d56c03e40a808037f5e54af651e1463229a", [branch: "master"]},
  "httpotion": {:git, "git://github.com/myfreeweb/httpotion.git", "3f97f62bbf40e7b941e3b52dd130cf95b6b3fb6e", []},
  "ibrowse": {:git, "git://github.com/cmullaparthi/ibrowse.git", "d824491d37449763ac44398f8494731e0c1418c1", []},
  "jsex": {:git, "git://github.com/talentdeficit/jsex.git", "1e89a76f770e14bbbd1b5bebfc05312a984f21a4", []},
  "json": {:git, "git://github.com/cblage/elixir-json.git", "a16a82805771b99fab5b567eb3678bca1dce424e", []},
  "jsx": {:git, "git://github.com/talentdeficit/jsx.git", "e50af6e109cb03bd26acf715cbc77de746507d1d", [tag: "v1.4.3"]},
  "meck": {:git, "git://github.com/eproxus/meck.git", "8a9007c2ec664278f714c0805e4f128af54c3af8", []} ]
